
Microsoft Visual Studio Solution File, Format Version 12.00
# Visual Studio Version 17
VisualStudioVersion = 17.9.34622.214
MinimumVisualStudioVersion = 10.0.40219.1
Project("{9A19103F-16F7-4668-BE54-9A1E7A4F7556}") = "WorkerAssistant.WebApp", "ExcelReportGenerator.WebApp\WorkerAssistant.WebApp.csproj", "{D7847403-1F49-4E9E-BAD8-74163C084C65}"
EndProject
Global
	GlobalSection(SolutionConfigurationPlatforms) = preSolution
		Debug|Any CPU = Debug|Any CPU
		Release|Any CPU = Release|Any CPU
	EndGlobalSection
	GlobalSection(ProjectConfigurationPlatforms) = postSolution
		{D7847403-1F49-4E9E-BAD8-74163C084C65}.Debug|Any CPU.ActiveCfg = Debug|Any CPU
		{D7847403-1F49-4E9E-BAD8-74163C084C65}.Debug|Any CPU.Build.0 = Debug|Any CPU
		{D7847403-1F49-4E9E-BAD8-74163C084C65}.Release|Any CPU.ActiveCfg = Release|Any CPU
		{D7847403-1F49-4E9E-BAD8-74163C084C65}.Release|Any CPU.Build.0 = Release|Any CPU
	EndGlobalSection
	GlobalSection(SolutionProperties) = preSolution
		HideSolutionNode = FALSE
	EndGlobalSection
	GlobalSection(ExtensibilityGlobals) = postSolution
		SolutionGuid = {8116569A-9560-476E-BCD9-88DCBF95C370}
	EndGlobalSection
EndGlobal
